
Microsoft Visual Studio Solution File, Format Version 12.00
# Visual Studio 15
VisualStudioVersion = 15.0.28307.106
MinimumVisualStudioVersion = 10.0.40219.1
Project("{FAE04EC0-301F-11D3-BF4B-00C04F79EFBC}") = "HNPower", "HNPower\HNPower.csproj", "{2BE7A796-E4D0-4576-940F-087F366E0714}"
EndProject
Project("{FAE04EC0-301F-11D3-BF4B-00C04F79EFBC}") = "HNPowerTest", "HNPowerTest\HNPowerTest.csproj", "{CF392330-CCBE-461A-AF61-2CC11AFBFB29}"
EndProject
Global
	GlobalSection(SolutionConfigurationPlatforms) = preSolution
		Debug|Any CPU = Debug|Any CPU
		Release|Any CPU = Release|Any CPU
	EndGlobalSection
	GlobalSection(ProjectConfigurationPlatforms) = postSolution
		{2BE7A796-E4D0-4576-940F-087F366E0714}.Debug|Any CPU.ActiveCfg = Debug|Any CPU
		{2BE7A796-E4D0-4576-940F-087F366E0714}.Debug|Any CPU.Build.0 = Debug|Any CPU
		{2BE7A796-E4D0-4576-940F-087F366E0714}.Release|Any CPU.ActiveCfg = Release|Any CPU
		{2BE7A796-E4D0-4576-940F-087F366E0714}.Release|Any CPU.Build.0 = Release|Any CPU
		{CF392330-CCBE-461A-AF61-2CC11AFBFB29}.Debug|Any CPU.ActiveCfg = Debug|Any CPU
		{CF392330-CCBE-461A-AF61-2CC11AFBFB29}.Debug|Any CPU.Build.0 = Debug|Any CPU
		{CF392330-CCBE-461A-AF61-2CC11AFBFB29}.Release|Any CPU.ActiveCfg = Release|Any CPU
		{CF392330-CCBE-461A-AF61-2CC11AFBFB29}.Release|Any CPU.Build.0 = Release|Any CPU
	EndGlobalSection
	GlobalSection(SolutionProperties) = preSolution
		HideSolutionNode = FALSE
	EndGlobalSection
	GlobalSection(ExtensibilityGlobals) = postSolution
		SolutionGuid = {DB3C858E-5C94-4D93-B7BC-B5A6C31B262E}
	EndGlobalSection
EndGlobal
